
Microsoft Visual Studio Solution File, Format Version 12.00
# Visual Studio Version 16
VisualStudioVersion = 16.0.31613.86
MinimumVisualStudioVersion = 10.0.40219.1
Project("{9A19103F-16F7-4668-BE54-9A1E7A4F7556}") = "RandomEncounter", "RandomEncounter\RandomEncounter.csproj", "{5FEE5458-8A02-43B2-BE78-7618400F2A40}"
EndProject
Project("{FAE04EC0-301F-11D3-BF4B-00C04F79EFBC}") = "RandomEncounterConsole", "RandomEncounterConsole\RandomEncounterConsole.csproj", "{34A8A74C-6B82-4C9D-B259-1CFDFEAEE565}"
EndProject
Global
	GlobalSection(SolutionConfigurationPlatforms) = preSolution
		Debug|Any CPU = Debug|Any CPU
		Release|Any CPU = Release|Any CPU
	EndGlobalSection
	GlobalSection(ProjectConfigurationPlatforms) = postSolution
		{5FEE5458-8A02-43B2-BE78-7618400F2A40}.Debug|Any CPU.ActiveCfg = Debug|Any CPU
		{5FEE5458-8A02-43B2-BE78-7618400F2A40}.Debug|Any CPU.Build.0 = Debug|Any CPU
		{5FEE5458-8A02-43B2-BE78-7618400F2A40}.Release|Any CPU.ActiveCfg = Release|Any CPU
		{5FEE5458-8A02-43B2-BE78-7618400F2A40}.Release|Any CPU.Build.0 = Release|Any CPU
		{34A8A74C-6B82-4C9D-B259-1CFDFEAEE565}.Debug|Any CPU.ActiveCfg = Debug|Any CPU
		{34A8A74C-6B82-4C9D-B259-1CFDFEAEE565}.Debug|Any CPU.Build.0 = Debug|Any CPU
		{34A8A74C-6B82-4C9D-B259-1CFDFEAEE565}.Release|Any CPU.ActiveCfg = Release|Any CPU
		{34A8A74C-6B82-4C9D-B259-1CFDFEAEE565}.Release|Any CPU.Build.0 = Release|Any CPU
	EndGlobalSection
	GlobalSection(SolutionProperties) = preSolution
		HideSolutionNode = FALSE
	EndGlobalSection
	GlobalSection(ExtensibilityGlobals) = postSolution
		SolutionGuid = {D5190381-06D0-4EC8-BD29-8EDA4AC94223}
	EndGlobalSection
EndGlobal
